Microsoft Visual Studio Solution File, Format Version 12.00
# Visual Studio Version 17
VisualStudioVersion = 17.5.2.0
MinimumVisualStudioVersion = 10.0.40219.1
Project("{FAE04EC0-301F-11D3-BF4B-00C04F79EFBC}") = "VideoTimeStudy", "VideoTimeStudy.csproj", "{8D23493A-6680-F381-3024-3B3F0B4AFBC9}"
EndProject
Global
	GlobalSection(SolutionConfigurationPlatforms) = preSolution
		Debug|Any CPU = Debug|Any CPU
		Release|Any CPU = Release|Any CPU
	EndGlobalSection
	GlobalSection(ProjectConfigurationPlatforms) = postSolution
		{8D23493A-6680-F381-3024-3B3F0B4AFBC9}.Debug|Any CPU.ActiveCfg = Debug|Any CPU
		{8D23493A-6680-F381-3024-3B3F0B4AFBC9}.Debug|Any CPU.Build.0 = Debug|Any CPU
		{8D23493A-6680-F381-3024-3B3F0B4AFBC9}.Release|Any CPU.ActiveCfg = Release|Any CPU
		{8D23493A-6680-F381-3024-3B3F0B4AFBC9}.Release|Any CPU.Build.0 = Release|Any CPU
	EndGlobalSection
	GlobalSection(SolutionProperties) = preSolution
		HideSolutionNode = FALSE
	EndGlobalSection
	GlobalSection(ExtensibilityGlobals) = postSolution
		SolutionGuid = {B0B471DB-0BBA-434A-9668-2D0EB6F33520}
	EndGlobalSection
EndGlobal
